{
    "_meta": {
        "hash": {
            "sha256": "8a8ab028602952a7d97739703ced4798281be760c4b973b93801112eba6bc891"
        },
        "pipfile-spec": 6,
        "requires": {
            "python_version": "3.7"
        },
        "sources": [
            {
                "name": "pypi",
                "url": "https://pypi.org/simple",
                "verify_ssl": true
            }
        ]
    },
    "default": {
        "absl-py": {
            "hashes": [
                "sha256:62bd4e248ddb19d81aec8f9446b407ff37c8175c2ba88266a7afa9b4ce4a333b",
                "sha256:6953272383486044699fd0e9f00aad167a27e08ce19aae66c6c4b10e7e767793"
            ],
            "version": "==0.13.0"
        },
        "astunparse": {
            "hashes": [
                "sha256:5ad93a8456f0d084c3456d059fd9a92cce667963232cbf763eac3bc5b7940872",
                "sha256:c2652417f2c8b5bb325c885ae329bdf3f86424075c4fd1a128674bc6fba4b8e8"
            ],
            "version": "==1.6.3"
        },
        "cached-property": {
            "hashes": [
                "sha256:9fa5755838eecbb2d234c3aa390bd80fbd3ac6b6869109bfc1b499f7bd89a130",
                "sha256:df4f613cf7ad9a588cc381aaf4a512d26265ecebd5eb9e1ba12f1319eb85a6a0"
            ],
            "markers": "python_version < '3.8'",
            "version": "==1.5.2"
        },
        "cachetools": {
            "hashes": [
                "sha256:2cc0b89715337ab6dbba85b5b50effe2b0c74e035d83ee8ed637cf52f12ae001",
                "sha256:61b5ed1e22a0924aed1d23b478f37e8d52549ff8a961de2909c69bf950020cff"
            ],
            "markers": "python_version ~= '3.5'",
            "version": "==4.2.2"
        },
        "certifi": {
            "hashes": [
                "sha256:2bbf76fd432960138b3ef6dda3dde0544f27cbf8546c458e60baf371917ba9ee",
                "sha256:50b1e4f8446b06f41be7dd6338db18e0990601dce795c2b1686458aa7e8fa7d8"
            ],
            "version": "==2021.5.30"
        },
        "charset-normalizer": {
            "hashes": [
                "sha256:0c8911edd15d19223366a194a513099a302055a962bca2cec0f54b8b63175d8b",
                "sha256:f23667ebe1084be45f6ae0538e4a5a865206544097e4e8bbcacf42cd02a348f3"
            ],
            "markers": "python_version >= '3'",
            "version": "==2.0.4"
        },
        "flatbuffers": {
            "hashes": [
                "sha256:63bb9a722d5e373701913e226135b28a6f6ac200d5cc7b4d919fa38d73b44610",
                "sha256:9e9ef47fa92625c4721036e7c4124182668dc6021d9e7c73704edd395648deb9"
            ],
            "version": "==1.12"
        },
        "gast": {
            "hashes": [
                "sha256:40feb7b8b8434785585ab224d1568b857edb18297e5a3047f1ba012bc83b42c1",
                "sha256:b7adcdd5adbebf1adf17378da5ba3f543684dbec47b1cda1f3997e573cd542c4"
            ],
            "markers": "python_version >= '2.7' and python_version not in '3.0, 3.1, 3.2, 3.3'",
            "version": "==0.4.0"
        },
        "google-auth": {
            "hashes": [
                "sha256:997516b42ecb5b63e8d80f5632c1a61dddf41d2a4c2748057837e06e00014258",
                "sha256:b7033be9028c188ee30200b204ea00ed82ea1162e8ac1df4aa6ded19a191d88e"
            ],
            "markers": "python_version >= '2.7' and python_version not in '3.0, 3.1, 3.2, 3.3, 3.4, 3.5'",
            "version": "==1.35.0"
        },
        "google-auth-oauthlib": {
            "hashes": [
                "sha256:4ab58e6c3dc6ccf112f921fcced40e5426fba266768986ea502228488276eaba",
                "sha256:b5a1ce7c617d247ccb2dfbba9d4bfc734b41096803d854a2c52592ae80150a67"
            ],
            "markers": "python_version >= '3.6'",
            "version": "==0.4.5"
        },
        "google-pasta": {
            "hashes": [
                "sha256:4612951da876b1a10fe3960d7226f0c7682cf901e16ac06e473b267a5afa8954",
                "sha256:b32482794a366b5366a32c92a9a9201b107821889935a02b3e51f6b432ea84ed",
                "sha256:c9f2c8dfc8f96d0d5808299920721be30c9eec37f2389f28904f454565c8a16e"
            ],
            "version": "==0.2.0"
        },
        "grpcio": {
            "hashes": [
                "sha256:011e9b5e47cb9d2a808e8c2dd5ae86df085d5879d9e8095a24631a32c577f231",
                "sha256:0bd906496b9dd3751b9e5cacc7ceb25a57c16ce2aa67315b85ee86a4ba7246f1",
                "sha256:11735ac4efd53691afeb36d006e20db9b7d4b6f3356c751f32d5747aee38fa4c",
                "sha256:121af89d0b9ba1d47c738242783675009dd4e9067359481e4b743eb9e5886682",
                "sha256:163a2cf7f4df3ff0a04f49e634526e3d88f02393a7ebf8f34a2134c88b06322e",
                "sha256:1857f88b351e2382aa57ed892960361a8b71acca4aa1b90998007b4177f15114",
                "sha256:1be193803c706f78d0df12c817eaf2415fb4d39472fa00d860700e6c7a99f8f7",
                "sha256:1c746a3cd8a830d8d916a9d0476a786aaa98c5cc2a096344af2be955e439f8ac",
                "sha256:2b97cdd4582445ad7bd441f5f3c57d838bcdc518a05713dab0c7f4b945afb39e",
                "sha256:49ffc5bb78b201db24d8d1644193beb50a896c3cb35b259b4fb9c44dba18585f",
                "sha256:5971e6dfcfa0ebeb0df2d15383e1b53fa36208198c8aff9a4eed5ece2a6d4571",
                "sha256:5c4402fd8ce28e2847112105591139dc121c8980770f683eb781be1568a64097",
                "sha256:5e488a40ebeb883117aa0dba2cea410ef2ab545a2403b2ac9101e62d42808c71",
                "sha256:696f0de4d47f738063432bbbcecd07f78256864f0839e41369458421f539f00a",
                "sha256:6f81fbf9f830e20aee93480305877f73f15bfa58fa87433eb331696be47ae7ba",
                "sha256:7924ef3a898f6ff985540ee5d8c7554f0c925dc7668c3d63461600ea50b39658",
                "sha256:79bda20756e2fc7236b94468ffcce4b516953f946a80b7ea883f89d9e9b25a41",
                "sha256:809732f300fa8093b40f843c36f6f78423ffb40493098185bc4a96bd67126db5",
                "sha256:8a543209ab606dd55c58dc218be8e8619214607f03717dded78c7d27f1d05ba5",
                "sha256:8b16d14160b7fd8bc43600be70e0da677d17dd8aafb5a258bbda996fe410320e",
                "sha256:8dad4184e4669672e126de26776eba8e3db4914660b4a0a6c7edbdbcf3e2f05f",
                "sha256:8fff784ec5d12252a7cc0ab6f1a3206861b94e45ee0ebeba2439bd10a6db2f1a",
                "sha256:90a4799c15b8b5aa587f65650a0cea28ea88bcd2c5fdf4f1adb2b8b7b4e77a5e",
                "sha256:96dc85c059f15390beb7ac6bf075d1e4cf72e8f5c9b6c37ea179b7cc579816fd",
                "sha256:98c06f0f7feeca736cc98f3f46b9b74c5f5fdc5febfc7d72728d1895c57be87f",
                "sha256:9d43849d8925ec24bf121bccd941a13d4e8c2cffdfa769a04a6d4ed38c6b88a2",
                "sha256:9e465a1d594a9a5f4252c4abbb93909c42768bee5fbfcd18098d60bf06a35573",
                "sha256:a181092b534e996e36d0c0216d81280d4942322170c823b2fb84ec4597dc0bd5",
                "sha256:b5e96ca83d5c34c9b60d8951e52492b0d9d072c3fe38a1c19765932e121036ce",
                "sha256:c4355fa382dfc71c130dc3eccd8ae606a13e1729be2a77b6c44cd5a130d0c616",
                "sha256:c6f756c11144c7ecb51b87f0d60a4b72e05635b9f24ddfa004286ab0c8527fa0",
                "sha256:cadc09c9bd24ecf3ba7ae55b5a741f7de694a8843e97e82a7c3fa2e6e81e0f9a",
                "sha256:cd4da71e105088b1a7e629d1b033f16d87dec08524d0e4f5d77982af6fe1b6c2",
                "sha256:cfe0e015cb8db5a27a92621fdd9dc8e69b2f7130db326601802e6ff36626deff",
                "sha256:d757bc8bb12f07014dde55a04b5261c94828b605cf0726d02d491c3dc71aa6bb",
                "sha256:ec6d1b3daed886a73e40b4dc553474ef415acc111e913d7324cc2c6b0ba9efe0",
                "sha256:ece7459c182e00ca90b2e5823940a552651b5eb3acdeee9350377ddb44d9c412",
                "sha256:ed8ac4f76cbbef5dc54594cb7bf6fbb985f5be66abcb1f9da8142500e4d76492",
                "sha256:f1a8048428a7a1e5b12322b3ee44ee0bb8e1bea1d67f08fa1813c455f3ef638c",
                "sha256:f6fee4445cffb45593b4c1d9bb0bc7922e77ec846a1237e2e744b1223d69c863",
                "sha256:f74cb93cd090b07528cf586a18628370e5780c08e0239f4af796f60a5e773568",
                "sha256:f74f270550df347a18f839331f84838b938c8923a9e13a6fa7cc69c79087a686",
                "sha256:fd58ea88dd5439e03c6587f0b672db1627ec8ed47be312c74632650dfed33c2e",
                "sha256:fe9360347a3f4f2ec6923d8afb03a9194f3f14e054cb09e75e8346af9c0aa9f6",
                "sha256:ff760c5ce73c177851864e8caaf75467eaf06c1b6857b21e1789658375e720fb",
                "sha256:ff8aef869c2e9de65c3a693406f7d1200d87e6d541d096eae69f98e7f301fa60"
            ],
            "version": "==1.34.1"
        },
        "h5py": {
            "hashes": [
                "sha256:02c391fdb980762a1cc03a4bcaecd03dc463994a9a63a02264830114a96e111f",
                "sha256:1cd367f89a5441236bdbb795e9fb9a9e3424929c00b4a54254ca760437f83d69",
                "sha256:1cdfd1c5449ca1329d152f0b66830e93226ebce4f5e07dd8dc16bfc2b1a49d7b",
                "sha256:1e2516f190652beedcb8c7acfa1c6fa92d99b42331cbef5e5c7ec2d65b0fc3c2",
                "sha256:236ac8d943be30b617ab615c3d4a4bf4a438add2be87e54af3687ab721a18fac",
                "sha256:2e37352ddfcf9d77a2a47f7c8f7e125c6d20cc06c2995edeb7be222d4e152636",
                "sha256:80c623be10479e81b64fa713b7ed4c0bbe9f02e8e7d2a2e5382336087b615ce4",
                "sha256:ba71f6229d2013fbb606476ecc29c6223fc16b244d35fcd8566ad9dbaf910857",
                "sha256:cb74df83709d6d03d11e60b9480812f58da34f194beafa8c8314dbbeeedfe0a6",
                "sha256:dccb89358bc84abcd711363c3e138f9f4eccfdf866f2139a8e72308328765b2c",
                "sha256:e33f61d3eb862614c0f273a1f993a64dc2f093e1a3094932c50ada9d2db2170f",
                "sha256:f89a3dae38843ffa49d17a31a3509a8129e9b46ece602a0138e1ed79e685c361",
                "sha256:fea05349f63625a8fb808e57e42bb4c76930cf5d50ac58b678c52f913a48a89b"
            ],
            "markers": "python_version >= '3.6'",
            "version": "==3.1.0"
        },
        "idna": {
            "hashes": [
                "sha256:14475042e284991034cb48e06f6851428fb14c4dc953acd9be9a5e95c7b6dd7a",
                "sha256:467fbad99067910785144ce333826c71fb0e63a425657295239737f7ecd125f3"
            ],
            "markers": "python_version >= '3'",
            "version": "==3.2"
        },
        "importlib-metadata": {
            "hashes": [
                "sha256:7b30a78db2922d78a6f47fb30683156a14f3c6aa5cc23f77cc8967e9ab2d002f",
                "sha256:ed5157fef23a4bc4594615a0dd8eba94b2bb36bf2a343fa3d8bb2fa0a62a99d5"
            ],
            "markers": "python_version < '3.8'",
            "version": "==4.6.4"
        },
        "keras-nightly": {
            "hashes": [
                "sha256:6ba70f738f4008222de7e7fdd5b2b18c48c49b897a9fca54c844854e25964011"
            ],
            "version": "==2.5.0.dev2021032900"
        },
        "keras-preprocessing": {
            "hashes": [
                "sha256:7b82029b130ff61cc99b55f3bd27427df4838576838c5b2f65940e4fcec99a7b",
                "sha256:add82567c50c8bc648c14195bf544a5ce7c1f76761536956c3d2978970179ef3"
            ],
            "version": "==1.1.2"
        },
        "markdown": {
            "hashes": [
                "sha256:31b5b491868dcc87d6c24b7e3d19a0d730d59d3e46f4eea6430a321bed387a49",
                "sha256:96c3ba1261de2f7547b46a00ea8463832c921d3f9d6aba3f255a6f71386db20c"
            ],
            "markers": "python_version >= '3.6'",
            "version": "==3.3.4"
        },
        "numpy": {
            "hashes": [
                "sha256:012426a41bc9ab63bb158635aecccc7610e3eff5d31d1eb43bc099debc979d94",
                "sha256:06fab248a088e439402141ea04f0fffb203723148f6ee791e9c75b3e9e82f080",
                "sha256:0eef32ca3132a48e43f6a0f5a82cb508f22ce5a3d6f67a8329c81c8e226d3f6e",
                "sha256:1ded4fce9cfaaf24e7a0ab51b7a87be9038ea1ace7f34b841fe3b6894c721d1c",
                "sha256:2e55195bc1c6b705bfd8ad6f288b38b11b1af32f3c8289d6c50d47f950c12e76",
                "sha256:2ea52bd92ab9f768cc64a4c3ef8f4b2580a17af0a5436f6126b08efbd1838371",
                "sha256:36674959eed6957e61f11c912f71e78857a8d0604171dfd9ce9ad5cbf41c511c",
                "sha256:384ec0463d1c2671170901994aeb6dce126de0a95ccc3976c43b0038a37329c2",
                "sha256:39b70c19ec771805081578cc936bbe95336798b7edf4732ed102e7a43ec5c07a",
                "sha256:400580cbd3cff6ffa6293df2278c75aef2d58d8d93d3c5614cd67981dae68ceb",
                "sha256:43d4c81d5ffdff6bae58d66a3cd7f54a7acd9a0e7b18d97abb255defc09e3140",
                "sha256:50a4a0ad0111cc1b71fa32dedd05fa239f7fb5a43a40663269bb5dc7877cfd28",
                "sha256:603aa0706be710eea8884af807b1b3bc9fb2e49b9f4da439e76000f3b3c6ff0f",
                "sha256:6149a185cece5ee78d1d196938b2a8f9d09f5a5ebfbba66969302a778d5ddd1d",
                "sha256:759e4095edc3c1b3ac031f34d9459fa781777a93ccc633a472a5468587a190ff",
                "sha256:7fb43004bce0ca31d8f13a6eb5e943fa73371381e53f7074ed21a4cb786c32f8",
                "sha256:811daee36a58dc79cf3d8bdd4a490e4277d0e4b7d103a001a4e73ddb48e7e6aa",
                "sha256:8b5e972b43c8fc27d56550b4120fe6257fdc15f9301914380b27f74856299fea",
                "sha256:99abf4f353c3d1a0c7a5f27699482c987cf663b1eac20db59b8c7b061eabd7fc",
                "sha256:a0d53e51a6cb6f0d9082decb7a4cb6dfb33055308c4c44f53103c073f649af73",
                "sha256:a12ff4c8ddfee61f90a1633a4c4afd3f7bcb32b11c52026c92a12e1325922d0d",
                "sha256:a4646724fba402aa7504cd48b4b50e783296b5e10a524c7a6da62e4a8ac9698d",
                "sha256:a76f502430dd98d7546e1ea2250a7360c065a5fdea52b2dffe8ae7180909b6f4",
                "sha256:a9d17f2be3b427fbb2bce61e596cf555d6f8a56c222bd2ca148baeeb5e5c783c",
                "sha256:ab83f24d5c52d60dbc8cd0528759532736b56db58adaa7b5f1f76ad551416a1e",
                "sha256:aeb9ed923be74e659984e321f609b9ba54a48354bfd168d21a2b072ed1e833ea",
                "sha256:c843b3f50d1ab7361ca4f0b3639bf691569493a56808a0b0c54a051d260b7dbd",
                "sha256:cae865b1cae1ec2663d8ea56ef6ff185bad091a5e33ebbadd98de2cfa3fa668f",
                "sha256:cc6bd4fd593cb261332568485e20a0712883cf631f6f5e8e86a52caa8b2b50ff",
                "sha256:cf2402002d3d9f91c8b01e66fbb436a4ed01c6498fffed0e4c7566da1d40ee1e",
                "sha256:d051ec1c64b85ecc69531e1137bb9751c6830772ee5c1c426dbcfe98ef5788d7",
                "sha256:d6631f2e867676b13026e2846180e2c13c1e11289d67da08d71cacb2cd93d4aa",
                "sha256:dbd18bcf4889b720ba13a27ec2f2aac1981bd41203b3a3b27ba7a33f88ae4827",
                "sha256:df609c82f18c5b9f6cb97271f03315ff0dbe481a2a02e56aeb1b1a985ce38e60"
            ],
            "markers": "python_version == '3.7'",
            "version": "==1.19.5"
        },
        "oauthlib": {
            "hashes": [
                "sha256:42bf6354c2ed8c6acb54d971fce6f88193d97297e18602a3a886603f9d7730cc",
                "sha256:8f0215fcc533dd8dd1bee6f4c412d4f0cd7297307d43ac61666389e3bc3198a3"
            ],
            "markers": "python_version >= '3.6'",
            "version": "==3.1.1"
        },
        "opt-einsum": {
            "hashes": [
                "sha256:2455e59e3947d3c275477df7f5205b30635e266fe6dc300e3d9f9646bfcea147",
                "sha256:59f6475f77bbc37dcf7cd748519c0ec60722e91e63ca114e68821c0c54a46549"
            ],
            "markers": "python_version >= '3.5'",
            "version": "==3.3.0"
        },
        "pillow": {
            "hashes": [
                "sha256:0b2efa07f69dc395d95bb9ef3299f4ca29bcb2157dc615bae0b42c3c20668ffc",
                "sha256:114f816e4f73f9ec06997b2fde81a92cbf0777c9e8f462005550eed6bae57e63",
                "sha256:147bd9e71fb9dcf08357b4d530b5167941e222a6fd21f869c7911bac40b9994d",
                "sha256:15a2808e269a1cf2131930183dcc0419bc77bb73eb54285dde2706ac9939fa8e",
                "sha256:196560dba4da7a72c5e7085fccc5938ab4075fd37fe8b5468869724109812edd",
                "sha256:1c03e24be975e2afe70dfc5da6f187eea0b49a68bb2b69db0f30a61b7031cee4",
                "sha256:1fd5066cd343b5db88c048d971994e56b296868766e461b82fa4e22498f34d77",
                "sha256:29c9569049d04aaacd690573a0398dbd8e0bf0255684fee512b413c2142ab723",
                "sha256:2b6dfa068a8b6137da34a4936f5a816aba0ecc967af2feeb32c4393ddd671cba",
                "sha256:2cac53839bfc5cece8fdbe7f084d5e3ee61e1303cccc86511d351adcb9e2c792",
                "sha256:2ee77c14a0299d0541d26f3d8500bb57e081233e3fa915fa35abd02c51fa7fae",
                "sha256:37730f6e68bdc6a3f02d2079c34c532330d206429f3cee651aab6b66839a9f0e",
                "sha256:3f08bd8d785204149b5b33e3b5f0ebbfe2190ea58d1a051c578e29e39bfd2367",
                "sha256:479ab11cbd69612acefa8286481f65c5dece2002ffaa4f9db62682379ca3bb77",
                "sha256:4bc3c7ef940eeb200ca65bd83005eb3aae8083d47e8fcbf5f0943baa50726856",
                "sha256:660a87085925c61a0dcc80efb967512ac34dbb256ff7dd2b9b4ee8dbdab58cf4",
                "sha256:67b3666b544b953a2777cb3f5a922e991be73ab32635666ee72e05876b8a92de",
                "sha256:70af7d222df0ff81a2da601fab42decb009dc721545ed78549cb96e3a1c5f0c8",
                "sha256:75e09042a3b39e0ea61ce37e941221313d51a9c26b8e54e12b3ececccb71718a",
                "sha256:8960a8a9f4598974e4c2aeb1bff9bdd5db03ee65fd1fce8adf3223721aa2a636",
                "sha256:9364c81b252d8348e9cc0cb63e856b8f7c1b340caba6ee7a7a65c968312f7dab",
                "sha256:969cc558cca859cadf24f890fc009e1bce7d7d0386ba7c0478641a60199adf79",
                "sha256:9a211b663cf2314edbdb4cf897beeb5c9ee3810d1d53f0e423f06d6ebbf9cd5d",
                "sha256:a17ca41f45cf78c2216ebfab03add7cc350c305c38ff34ef4eef66b7d76c5229",
                "sha256:a2f381932dca2cf775811a008aa3027671ace723b7a38838045b1aee8669fdcf",
                "sha256:a4eef1ff2d62676deabf076f963eda4da34b51bc0517c70239fafed1d5b51500",
                "sha256:c088a000dfdd88c184cc7271bfac8c5b82d9efa8637cd2b68183771e3cf56f04",
                "sha256:c0e0550a404c69aab1e04ae89cca3e2a042b56ab043f7f729d984bf73ed2a093",
                "sha256:c11003197f908878164f0e6da15fce22373ac3fc320cda8c9d16e6bba105b844",
                "sha256:c2a5ff58751670292b406b9f06e07ed1446a4b13ffced6b6cab75b857485cbc8",
                "sha256:c35d09db702f4185ba22bb33ef1751ad49c266534339a5cebeb5159d364f6f82",
                "sha256:c379425c2707078dfb6bfad2430728831d399dc95a7deeb92015eb4c92345eaf",
                "sha256:cc866706d56bd3a7dbf8bac8660c6f6462f2f2b8a49add2ba617bc0c54473d83",
                "sha256:d0da39795049a9afcaadec532e7b669b5ebbb2a9134576ebcc15dd5bdae33cc0",
                "sha256:f156d6ecfc747ee111c167f8faf5f4953761b5e66e91a4e6767e548d0f80129c",
                "sha256:f4ebde71785f8bceb39dcd1e7f06bcc5d5c3cf48b9f69ab52636309387b097c8",
                "sha256:fc214a6b75d2e0ea7745488da7da3c381f41790812988c7a92345978414fad37",
                "sha256:fd7eef578f5b2200d066db1b50c4aa66410786201669fb76d5238b007918fb24",
                "sha256:ff04c373477723430dce2e9d024c708a047d44cf17166bf16e604b379bf0ca14"
            ],
            "index": "pypi",
            "version": "==8.3.1"
        },
        "protobuf": {
            "hashes": [
                "sha256:01d4e9a6c279c934b97cf4de8e4e1b7d98d64f10b53217b3096c52639389985d",
                "sha256:082e2f055cf141b01336f42fd60e241c514f309e2bfe7c1bf09d56bb20156ffb",
                "sha256:088d3616927377c126e7c0f19bbdeedce325c293722744a4c594ff47bb37e47f",
                "sha256:144d09459adcb7385146adf7fef59eeb532e24960ed3e7d5d36b3b800eff2a3f",
                "sha256:256dc912e18ca03578314f12e69062c37d94c32785c04d736c978497685b4afe",
                "sha256:2caf652c62d93ec9715369516cca4907c487a0f7359214e245a52c7a3b52d618",
                "sha256:37ecaef921605461f8d89d051149b9373a8322d1ffa2199c9024d9be79fcdd4d",
                "sha256:49137a092e9a5b3ff65db4c8929bf365fead6c8f65845ea001d65ed52f7f9350",
                "sha256:4eb0fb7c6727b7e5f40acd0a50fc83df96c0d3e7c79297aeac3456519369ed29",
                "sha256:58712f99094cd8d65f5757a149a283bf27882b6702630039108b3d3d4f019a57",
                "sha256:70676273fbcf8d62b679a74cd6c68c1bec05d900ae7b8c0c63badc527f984e3f",
                "sha256:7c815fb16137d9e8ee38c57343a86ab40fbae00a5c78e13dd8d6a04e877f4e91",
                "sha256:7f18f0d9ecf851b9b0ae57c1d2ece6007efbec6e37b252052d77057aa7e90e36",
                "sha256:8453e746ba3b26d402a969835154977089808dca71d33f40c8d63e76629fc423",
                "sha256:886aa5cb7e9b3d6cfe620388fc4be28acff0e1c6e797c17d01fdb736a5735fe9",
                "sha256:89e237bca6db5e258cac054203a6d9a92b1e40403c5d2df2e0022d2c36fdb0a9",
                "sha256:95e5d21d15497b7a0c3ab9dddc30cc65d7a6b121ead9397690b5e035cb88410f",
                "sha256:98ecad209e885e1301e4bd2c8e21c96972e6c331e4e8437e275d914d780ad518",
                "sha256:ab84cdabad0d7f9d5eeaf2b2f6b0cdbcdad4c6191fd0343dba6f8f4edde7bc6d",
                "sha256:abda6c91ba1fc72205e35c50e8fde2a6e0b13cf445ee532819988fd4bafda6aa",
                "sha256:af866c8535ae61f15884e2f8ad3f9ff92f5317babb2af0d5e2b69d64fbd26c23",
                "sha256:b8005b4a904d4ed6f6ce3dda65e4be7e2bc2419d5b60063c9752aa35ec6ab91b",
                "sha256:d23e7dbaee94aac5ca6b971f339496257fc995f3e78265ca63dfacb8b69bbe73",
                "sha256:d2b5158558f0a48015a6b59f8b4cc5fd677f19f19e35e9a65571114585305c0e",
                "sha256:da9796af190df8c5bebb7f657fae0ba0f0cdf4fa460310403f77f9c8f60fafa5",
                "sha256:e8d5985934cfff285c6e2cb92f48c35fb1ec0676f1b003dfb98788dc26817fa1",
                "sha256:ee8527e55c73bece052872ebf598feb0435f3a72da2a1917818cf2c71fb7378c"
            ],
            "version": "==3.18.0rc1"
        },
        "pyasn1": {
            "hashes": [
                "sha256:014c0e9976956a08139dc0712ae195324a75e142284d5f87f1a87ee1b068a359",
                "sha256:03840c999ba71680a131cfaee6fab142e1ed9bbd9c693e285cc6aca0d555e576",
                "sha256:0458773cfe65b153891ac249bcf1b5f8f320b7c2ce462151f8fa74de8934becf",
                "sha256:08c3c53b75eaa48d71cf8c710312316392ed40899cb34710d092e96745a358b7",
                "sha256:39c7e2ec30515947ff4e87fb6f456dfc6e84857d34be479c9d4a4ba4bf46aa5d",
                "sha256:5c9414dcfede6e441f7e8f81b43b34e834731003427e5b09e4e00e3172a10f00",
                "sha256:6e7545f1a61025a4e58bb336952c5061697da694db1cae97b116e9c46abcf7c8",
                "sha256:78fa6da68ed2727915c4767bb386ab32cdba863caa7dbe473eaae45f9959da86",
                "sha256:7ab8a544af125fb704feadb008c99a88805126fb525280b2270bb25cc1d78a12",
                "sha256:99fcc3c8d804d1bc6d9a099921e39d827026409a58f2a720dcdb89374ea0c776",
                "sha256:aef77c9fb94a3ac588e87841208bdec464471d9871bd5050a287cc9a475cd0ba",
                "sha256:e89bf84b5437b532b0803ba5c9a5e054d21fec423a89952a74f87fa2c9b7bce2",
                "sha256:fec3e9d8e36808a28efb59b489e4528c10ad0f480e57dcc32b4de5c9d8c9fdf3"
            ],
            "version": "==0.4.8"
        },
        "pyasn1-modules": {
            "hashes": [
                "sha256:0845a5582f6a02bb3e1bde9ecfc4bfcae6ec3210dd270522fee602365430c3f8",
                "sha256:0fe1b68d1e486a1ed5473f1302bd991c1611d319bba158e98b106ff86e1d7199",
                "sha256:15b7c67fabc7fc240d87fb9aabf999cf82311a6d6fb2c70d00d3d0604878c811",
                "sha256:426edb7a5e8879f1ec54a1864f16b882c2837bfd06eee62f2c982315ee2473ed",
                "sha256:65cebbaffc913f4fe9e4808735c95ea22d7a7775646ab690518c056784bc21b4",
                "sha256:905f84c712230b2c592c19470d3ca8d552de726050d1d1716282a1f6146be65e",
                "sha256:a50b808ffeb97cb3601dd25981f6b016cbb3d31fbf57a8b8a87428e6158d0c74",
                "sha256:a99324196732f53093a84c4369c996713eb8c89d360a496b599fb1a9c47fc3eb",
                "sha256:b80486a6c77252ea3a3e9b1e360bc9cf28eaac41263d173c032581ad2f20fe45",
                "sha256:c29a5e5cc7a3f05926aff34e097e84f8589cd790ce0ed41b67aed6857b26aafd",
                "sha256:cbac4bc38d117f2a49aeedec4407d23e8866ea4ac27ff2cf7fb3e5b570df19e0",
                "sha256:f39edd8c4ecaa4556e989147ebf219227e2cd2e8a43c7e7fcb1f1c18c5fd6a3d",
                "sha256:fe0644d9ab041506b62782e92b06b8c68cca799e1a9636ec398675459e031405"
            ],
            "version": "==0.2.8"
        },
        "requests": {
            "hashes": [
                "sha256:6c1246513ecd5ecd4528a0906f910e8f0f9c6b8ec72030dc9fd154dc1a6efd24",
                "sha256:b8aa58f8cf793ffd8782d3d8cb19e66ef36f7aba4353eec859e74678b01b07a7"
            ],
            "markers": "python_version >= '2.7' and python_version not in '3.0, 3.1, 3.2, 3.3, 3.4, 3.5'",
            "version": "==2.26.0"
        },
        "requests-oauthlib": {
            "hashes": [
                "sha256:7f71572defaecd16372f9006f33c2ec8c077c3cfa6f5911a9a90202beb513f3d",
                "sha256:b4261601a71fd721a8bd6d7aa1cc1d6a8a93b4a9f5e96626f8e4d91e8beeaa6a",
                "sha256:fa6c47b933f01060936d87ae9327fead68768b69c6c9ea2109c48be30f2d4dbc"
            ],
            "version": "==1.3.0"
        },
        "rsa": {
            "hashes": [
                "sha256:78f9a9bf4e7be0c5ded4583326e7461e3a3c5aae24073648b4bdfa797d78c9d2",
                "sha256:9d689e6ca1b3038bc82bf8d23e944b6b6037bc02301a574935b2dd946e0353b9"
            ],
            "markers": "python_version >= '3.6'",
            "version": "==4.7.2"
        },
        "six": {
            "hashes": [
                "sha256:30639c035cdb23534cd4aa2dd52c3bf48f06e5f4a941509c8bafd8ce11080259",
                "sha256:8b74bedcbbbaca38ff6d7491d76f2b06b3592611af620f8426e82dddb04a5ced"
            ],
            "markers": "python_version >= '2.7' and python_version not in '3.0, 3.1, 3.2, 3.3'",
            "version": "==1.15.0"
        },
        "tensorboard": {
            "hashes": [
                "sha256:f7dac4cdfb52d14c9e3f74585ce2aaf8e6203620a864e51faf84988b09f7bbdb"
            ],
            "markers": "python_version >= '3.6'",
            "version": "==2.6.0"
        },
        "tensorboard-data-server": {
            "hashes": [
                "sha256:809fe9887682d35c1f7d1f54f0f40f98bb1f771b14265b453ca051e2ce58fca7",
                "sha256:d8237580755e58eff68d1f3abefb5b1e39ae5c8b127cc40920f9c4fb33f4b98a",
                "sha256:fa8cef9be4fcae2f2363c88176638baf2da19c5ec90addb49b1cde05c95c88ee"
            ],
            "markers": "python_version >= '3.6'",
            "version": "==0.6.1"
        },
        "tensorboard-plugin-wit": {
            "hashes": [
                "sha256:2a80d1c551d741e99b2f197bb915d8a133e24adb8da1732b840041860f91183a"
            ],
            "version": "==1.8.0"
        },
        "tensorflow-estimator": {
            "hashes": [
                "sha256:d1fe76dee8b1dcab865d807a0246da0a9c4a635b1eba6e9545bf216c3aad6955"
            ],
            "version": "==2.5.0"
        },
        "tensorflow-gpu": {
            "hashes": [
                "sha256:2444aedba87dabd33f64c421e7b07a8afd3dc5796b7fd40f131a649e1003e91a",
                "sha256:452aa2595a1c7eeb2086964dc208287aea8a3d118e7de03d3531cd09a2f4f41b",
                "sha256:4f8a1f21a92e43a065a251bdfc01fd18895d08b20721c3ee2c610a39ee5716d5",
                "sha256:739a138d0f9bc81a7bd16e4bb0b882552b45dcd248f4aa2427288312128a56e2",
                "sha256:8b102fd8779eea04d1be02bfdcc91782c64c7d7dbdf53507cb208450bc270b8e",
                "sha256:b61294101a186d28f86d4d8b2d97bdbfa8eeb713ef7a3d5ade88f81aca863f4b",
                "sha256:dfccb0d01c6d6565be997d59f5fa41414a90e1886613a5b996aa5d45579b503c",
                "sha256:f2ff3c3cd40229ca349226becf85ac77cd927a474da6a404bf75c8a0244bab9f"
            ],
            "index": "pypi",
            "version": "==2.5.1"
        },
        "tensorflow-hub": {
            "hashes": [
                "sha256:822fe5f7338c95efcc3a534011c6689e4309ba2459def87194179c4de8a6e1fc"
            ],
            "index": "pypi",
            "version": "==0.12.0"
        },
        "termcolor": {
            "hashes": [
                "sha256:1d6d69ce66211143803fbc56652b41d73b4a400a2891d7bf7a1cdf4c02de613b"
            ],
            "version": "==1.1.0"
        },
        "typing-extensions": {
            "hashes": [
                "sha256:7cb407020f00f7bfc3cb3e7881628838e69d8f3fcab2f64742a5e76b2f841918",
                "sha256:99d4073b617d30288f569d3f13d2bd7548c3a7e4c8de87db09a9d29bb3a4a60c",
                "sha256:dafc7639cde7f1b6e1acc0f457842a83e722ccca8eef5270af2d74792619a89f"
            ],
            "markers": "python_version < '3.8'",
            "version": "==3.7.4.3"
        },
        "urllib3": {
            "hashes": [
                "sha256:39fb8672126159acb139a7718dd10806104dec1e2f0f6c88aab05d17df10c8d4",
                "sha256:f57b4c16c62fa2760b7e3d97c35b255512fb6b59a259730f36ba32ce9f8e342f"
            ],
            "markers": "python_version >= '2.7' and python_version not in '3.0, 3.1, 3.2, 3.3, 3.4' and python_version < '4'",
            "version": "==1.26.6"
        },
        "werkzeug": {
            "hashes": [
                "sha256:1de1db30d010ff1af14a009224ec49ab2329ad2cde454c8a708130642d579c42",
                "sha256:6c1ec500dcdba0baa27600f6a22f6333d8b662d22027ff9f6202e3367413caa8"
            ],
            "markers": "python_version >= '3.6'",
            "version": "==2.0.1"
        },
        "wheel": {
            "hashes": [
                "sha256:21014b2bd93c6d0034b6ba5d35e4eb284340e09d63c59aef6fc14b0f346146fd",
                "sha256:e2ef7239991699e3355d54f8e968a21bb940a1dbf34a4d226741e64462516fad"
            ],
            "markers": "python_version >= '2.7' and python_version not in '3.0, 3.1, 3.2, 3.3, 3.4'",
            "version": "==0.37.0"
        },
        "wrapt": {
            "hashes": [
                "sha256:b62ffa81fb85f4332a4f609cab4ac40709470da05643a082ec1eb88e6d9b97d7"
            ],
            "version": "==1.12.1"
        },
        "zipp": {
            "hashes": [
                "sha256:957cfda87797e389580cb8b9e3870841ca991e2125350677b2ca83a0e99390a3",
                "sha256:f5812b1e007e48cff63449a5e9f4e7ebea716b4111f9c4f9a645f91d579bf0c4"
            ],
            "markers": "python_version >= '3.6'",
            "version": "==3.5.0"
        }
    },
    "develop": {
        "appdirs": {
            "hashes": [
                "sha256:7d5d0167b2b1ba821647616af46a749d1c653740dd0d2415100fe26e27afdf41",
                "sha256:a841dacd6b99318a741b166adb07e19ee71a274450e68237b4650ca1055ab128"
            ],
            "version": "==1.4.4"
        },
        "black": {
            "hashes": [
                "sha256:1c7aa6ada8ee864db745b22790a32f94b2795c253a75d6d9b5e439ff10d23116",
                "sha256:c8373c6491de9362e39271630b65b964607bc5c79c83783547d76c839b3aa219"
            ],
            "index": "pypi",
            "version": "==21.7b0"
        },
        "click": {
            "hashes": [
                "sha256:8c04c11192119b1ef78ea049e0a6f0463e4c48ef00a30160c704337586f3ad7a",
                "sha256:fba402a4a47334742d782209a7c79bc448911afe1149d07bdabdf480b3e2f4b6"
            ],
            "markers": "python_version >= '3.6'",
            "version": "==8.0.1"
        },
        "importlib-metadata": {
            "hashes": [
                "sha256:7b30a78db2922d78a6f47fb30683156a14f3c6aa5cc23f77cc8967e9ab2d002f",
                "sha256:ed5157fef23a4bc4594615a0dd8eba94b2bb36bf2a343fa3d8bb2fa0a62a99d5"
            ],
            "markers": "python_version < '3.8'",
            "version": "==4.6.4"
        },
        "mypy-extensions": {
            "hashes": [
                "sha256:090fedd75945a69ae91ce1303b5824f428daf5a028d2f6ab8a299250a846f15d",
                "sha256:2d82818f5bb3e369420cb3c4060a7970edba416647068eb4c5343488a6c604a8"
            ],
            "version": "==0.4.3"
        },
        "pathspec": {
            "hashes": [
                "sha256:7d15c4ddb0b5c802d161efc417ec1a2558ea2653c2e8ad9c19098201dc1c993a",
                "sha256:e564499435a2673d586f6b2130bb5b95f04a3ba06f81b8f895b651a3c76aabb1"
            ],
            "version": "==0.9.0"
        },
        "regex": {
            "hashes": [
                "sha256:03840a07a402576b8e3a6261f17eb88abd653ad4e18ec46ef10c9a63f8c99ebd",
                "sha256:06ba444bbf7ede3890a912bd4904bb65bf0da8f0d8808b90545481362c978642",
                "sha256:1f9974826aeeda32a76648fc677e3125ade379869a84aa964b683984a2dea9f1",
                "sha256:330836ad89ff0be756b58758878409f591d4737b6a8cef26a162e2a4961c3321",
                "sha256:38600fd58c2996829480de7d034fb2d3a0307110e44dae80b6b4f9b3d2eea529",
                "sha256:3a195e26df1fbb40ebee75865f9b64ba692a5824ecb91c078cc665b01f7a9a36",
                "sha256:41acdd6d64cd56f857e271009966c2ffcbd07ec9149ca91f71088574eaa4278a",
                "sha256:45f97ade892ace20252e5ccecdd7515c7df5feeb42c3d2a8b8c55920c3551c30",
                "sha256:4b0c211c55d4aac4309c3209833c803fada3fc21cdf7b74abedda42a0c9dc3ce",
                "sha256:5d5209c3ba25864b1a57461526ebde31483db295fc6195fdfc4f8355e10f7376",
                "sha256:615fb5a524cffc91ab4490b69e10ae76c1ccbfa3383ea2fad72e54a85c7d47dd",
                "sha256:61e734c2bcb3742c3f454dfa930ea60ea08f56fd1a0eb52d8cb189a2f6be9586",
                "sha256:640ccca4d0a6fcc6590f005ecd7b16c3d8f5d52174e4854f96b16f34c39d6cb7",
                "sha256:6dbd51c3db300ce9d3171f4106da18fe49e7045232630fe3d4c6e37cb2b39ab9",
                "sha256:71a904da8c9c02aee581f4452a5a988c3003207cb8033db426f29e5b2c0b7aea",
                "sha256:8021dee64899f993f4b5cca323aae65aabc01a546ed44356a0965e29d7893c94",
                "sha256:8b8d551f1bd60b3e1c59ff55b9e8d74607a5308f66e2916948cafd13480b44a3",
                "sha256:93f9f720081d97acee38a411e861d4ce84cbc8ea5319bc1f8e38c972c47af49f",
                "sha256:96f0c79a70642dfdf7e6a018ebcbea7ea5205e27d8e019cad442d2acfc9af267",
                "sha256:9966337353e436e6ba652814b0a957a517feb492a98b8f9d3b6ba76d22301dcc",
                "sha256:a34ba9e39f8269fd66ab4f7a802794ffea6d6ac500568ec05b327a862c21ce23",
                "sha256:a49f85f0a099a5755d0a2cc6fc337e3cb945ad6390ec892332c691ab0a045882",
                "sha256:a795829dc522227265d72b25d6ee6f6d41eb2105c15912c230097c8f5bfdbcdc",
                "sha256:a89ca4105f8099de349d139d1090bad387fe2b208b717b288699ca26f179acbe",
                "sha256:ac95101736239260189f426b1e361dc1b704513963357dc474beb0f39f5b7759",
                "sha256:ae87ab669431f611c56e581679db33b9a467f87d7bf197ac384e71e4956b4456",
                "sha256:b091dcfee169ad8de21b61eb2c3a75f9f0f859f851f64fdaf9320759a3244239",
                "sha256:b511c6009d50d5c0dd0bab85ed25bc8ad6b6f5611de3a63a59786207e82824bb",
                "sha256:b79dc2b2e313565416c1e62807c7c25c67a6ff0a0f8d83a318df464555b65948",
                "sha256:bca14dfcfd9aae06d7d8d7e105539bd77d39d06caaae57a1ce945670bae744e0",
                "sha256:c835c30f3af5c63a80917b72115e1defb83de99c73bc727bddd979a3b449e183",
                "sha256:ccd721f1d4fc42b541b633d6e339018a08dd0290dc67269df79552843a06ca92",
                "sha256:d6c2b1d78ceceb6741d703508cd0e9197b34f6bf6864dab30f940f8886e04ade",
                "sha256:d6ec4ae13760ceda023b2e5ef1f9bc0b21e4b0830458db143794a117fdbdc044",
                "sha256:d8b623fc429a38a881ab2d9a56ef30e8ea20c72a891c193f5ebbddc016e083ee",
                "sha256:ea9753d64cba6f226947c318a923dadaf1e21cd8db02f71652405263daa1f033",
                "sha256:ebbceefbffae118ab954d3cd6bf718f5790db66152f95202ebc231d58ad4e2c2",
                "sha256:ecb6e7c45f9cd199c10ec35262b53b2247fb9a408803ed00ee5bb2b54aa626f5",
                "sha256:ef9326c64349e2d718373415814e754183057ebc092261387a2c2f732d9172b2",
                "sha256:f93a9d8804f4cec9da6c26c8cfae2c777028b4fdd9f49de0302e26e00bb86504",
                "sha256:faf08b0341828f6a29b8f7dd94d5cf8cc7c39bfc3e67b78514c54b494b66915a"
            ],
            "version": "==2021.8.21"
        },
        "tomli": {
            "hashes": [
                "sha256:8dd0e9524d6f386271a36b41dbf6c57d8e32fd96fd22b6584679dc569d20899f",
                "sha256:a5b75cb6f3968abb47af1b40c1819dc519ea82bcc065776a866e8d74c5ca9442"
            ],
            "markers": "python_version >= '3.6'",
            "version": "==1.2.1"
        },
        "typed-ast": {
            "hashes": [
                "sha256:01ae5f73431d21eead5015997ab41afa53aa1fbe252f9da060be5dad2c730ace",
                "sha256:067a74454df670dcaa4e59349a2e5c81e567d8d65458d480a5b3dfecec08c5ff",
                "sha256:0fb71b8c643187d7492c1f8352f2c15b4c4af3f6338f21681d3681b3dc31a266",
                "sha256:1b3ead4a96c9101bef08f9f7d1217c096f31667617b58de957f690c92378b528",
                "sha256:2068531575a125b87a41802130fa7e29f26c09a2833fea68d9a40cf33902eba6",
                "sha256:209596a4ec71d990d71d5e0d312ac935d86930e6eecff6ccc7007fe54d703808",
                "sha256:2c726c276d09fc5c414693a2de063f521052d9ea7c240ce553316f70656c84d4",
                "sha256:398e44cd480f4d2b7ee8d98385ca104e35c81525dd98c519acff1b79bdaac363",
                "sha256:52b1eb8c83f178ab787f3a4283f68258525f8d70f778a2f6dd54d3b5e5fb4341",
                "sha256:5feca99c17af94057417d744607b82dd0a664fd5e4ca98061480fd8b14b18d04",
                "sha256:7538e495704e2ccda9b234b82423a4038f324f3a10c43bc088a1636180f11a41",
                "sha256:760ad187b1041a154f0e4d0f6aae3e40fdb51d6de16e5c99aedadd9246450e9e",
                "sha256:777a26c84bea6cd934422ac2e3b78863a37017618b6e5c08f92ef69853e765d3",
                "sha256:95431a26309a21874005845c21118c83991c63ea800dd44843e42a916aec5899",
                "sha256:9ad2c92ec681e02baf81fdfa056fe0d818645efa9af1f1cd5fd6f1bd2bdfd805",
                "sha256:9c6d1a54552b5330bc657b7ef0eae25d00ba7ffe85d9ea8ae6540d2197a3788c",
                "sha256:aee0c1256be6c07bd3e1263ff920c325b59849dc95392a05f258bb9b259cf39c",
                "sha256:af3d4a73793725138d6b334d9d247ce7e5f084d96284ed23f22ee626a7b88e39",
                "sha256:b36b4f3920103a25e1d5d024d155c504080959582b928e91cb608a65c3a49e1a",
                "sha256:b9574c6f03f685070d859e75c7f9eeca02d6933273b5e69572e5ff9d5e3931c3",
                "sha256:bff6ad71c81b3bba8fa35f0f1921fb24ff4476235a6e94a26ada2e54370e6da7",
                "sha256:c190f0899e9f9f8b6b7863debfb739abcb21a5c054f911ca3596d12b8a4c4c7f",
                "sha256:c907f561b1e83e93fad565bac5ba9c22d96a54e7ea0267c708bffe863cbe4075",
                "sha256:cae53c389825d3b46fb37538441f75d6aecc4174f615d048321b716df2757fb0",
                "sha256:dd4a21253f42b8d2b48410cb31fe501d32f8b9fbeb1f55063ad102fe9c425e40",
                "sha256:dde816ca9dac1d9c01dd504ea5967821606f02e510438120091b84e852367428",
                "sha256:f2362f3cb0f3172c42938946dbc5b7843c2a28aec307c49100c8b38764eb6927",
                "sha256:f328adcfebed9f11301eaedfa48e15bdece9b519fb27e6a8c01aa52a17ec31b3",
                "sha256:f8afcf15cc511ada719a88e013cec87c11aff7b91f019295eb4530f96fe5ef2f",
                "sha256:fb1bbeac803adea29cedd70781399c99138358c26d05fcbd23c13016b7f5ec65"
            ],
            "markers": "python_version < '3.8'",
            "version": "==1.4.3"
        },
        "typing-extensions": {
            "hashes": [
                "sha256:7cb407020f00f7bfc3cb3e7881628838e69d8f3fcab2f64742a5e76b2f841918",
                "sha256:99d4073b617d30288f569d3f13d2bd7548c3a7e4c8de87db09a9d29bb3a4a60c",
                "sha256:dafc7639cde7f1b6e1acc0f457842a83e722ccca8eef5270af2d74792619a89f"
            ],
            "markers": "python_version < '3.8'",
            "version": "==3.7.4.3"
        },
        "zipp": {
            "hashes": [
                "sha256:957cfda87797e389580cb8b9e3870841ca991e2125350677b2ca83a0e99390a3",
                "sha256:f5812b1e007e48cff63449a5e9f4e7ebea716b4111f9c4f9a645f91d579bf0c4"
            ],
            "markers": "python_version >= '3.6'",
            "version": "==3.5.0"
        }
    }
}
